// !$*UTF8*$!
{
	archiveVersion = 1;
	classes = {
	};
	objectVersion = 56;
	objects = {

/* Begin PBXBuildFile section */
		3679D904294C7E29009D4C96 /* AppDelegate.swift in Sources */ = {isa = PBXBuildFile; fileRef = 3679D903294C7E29009D4C96 /* AppDelegate.swift */; };
		3679D906294C7E29009D4C96 /* SceneDelegate.swift in Sources */ = {isa = PBXBuildFile; fileRef = 3679D905294C7E29009D4C96 /* SceneDelegate.swift */; };
		3679D90B294C7E29009D4C96 /* Main.storyboard in Resources */ = {isa = PBXBuildFile; fileRef = 3679D909294C7E29009D4C96 /* Main.storyboard */; };
		3679D90D294C7E2A009D4C96 /* Assets.xcassets in Resources */ = {isa = PBXBuildFile; fileRef = 3679D90C294C7E2A009D4C96 /* Assets.xcassets */; };
		3679D910294C7E2A009D4C96 /* LaunchScreen.storyboard in Resources */ = {isa = PBXBuildFile; fileRef = 3679D90E294C7E2A009D4C96 /* LaunchScreen.storyboard */; };
		3679D918294C8459009D4C96 /* TabBarVC.swift in Sources */ = {isa = PBXBuildFile; fileRef = 3679D917294C8459009D4C96 /* TabBarVC.swift */; };
		3679D91B294DF456009D4C96 /* SFPRODISPLAYREGULAR.OTF in Resources */ = {isa = PBXBuildFile; fileRef = 3679D91A294DF42C009D4C96 /* SFPRODISPLAYREGULAR.OTF */; };
		3679D91C294DF459009D4C96 /* SFPRODISPLAYBOLD.OTF in Resources */ = {isa = PBXBuildFile; fileRef = 3679D919294DF42C009D4C96 /* SFPRODISPLAYBOLD.OTF */; };
		3679D91E294F4397009D4C96 /* FavouriteTableVC.swift in Sources */ = {isa = PBXBuildFile; fileRef = 3679D91D294F4397009D4C96 /* FavouriteTableVC.swift */; };
		3679D920294F44A3009D4C96 /* FavoriteTableViewCell.swift in Sources */ = {isa = PBXBuildFile; fileRef = 3679D91F294F44A3009D4C96 /* FavoriteTableViewCell.swift */; };
		36972FE92959F9E5000D1498 /* Urls.swift in Sources */ = {isa = PBXBuildFile; fileRef = 36972FE82959F9E5000D1498 /* Urls.swift */; };
		36F685A12950D30F00D8866C /* Localizable.strings in Resources */ = {isa = PBXBuildFile; fileRef = 36F685A32950D30F00D8866C /* Localizable.strings */; };
		36F685A72951D78100D8866C /* ProfileVC.swift in Sources */ = {isa = PBXBuildFile; fileRef = 36F685A62951D78100D8866C /* ProfileVC.swift */; };
		36F685A92951DBA500D8866C /* LanguageVC.swift in Sources */ = {isa = PBXBuildFile; fileRef = 36F685A82951DBA500D8866C /* LanguageVC.swift */; };
		36F685AB2957534600D8866C /* TextFieldWithPadding.swift in Sources */ = {isa = PBXBuildFile; fileRef = 36F685AA2957534600D8866C /* TextFieldWithPadding.swift */; };
		36F685B62958AB4100D8866C /* SignInVC.swift in Sources */ = {isa = PBXBuildFile; fileRef = 36F685B52958AB4100D8866C /* SignInVC.swift */; };
		CF205CD27576585CE10687CE /* Pods_Ozinshe.framework in Frameworks */ = {isa = PBXBuildFile; fileRef = 1BDE86295D4A1E0C4271082B /* Pods_Ozinshe.framework */; };
/* End PBXBuildFile section */

/* Begin PBXFileReference section */
		1BDE86295D4A1E0C4271082B /* Pods_Ozinshe.framework */ = {isa = PBXFileReference; explicitFileType = wrapper.framework; includeInIndex = 0; path = Pods_Ozinshe.framework; sourceTree = BUILT_PRODUCTS_DIR; };
		3679D900294C7E29009D4C96 /* Ozinshe.app */ = {isa = PBXFileReference; explicitFileType = wrapper.application; includeInIndex = 0; path = Ozinshe.app; sourceTree = BUILT_PRODUCTS_DIR; };
		3679D903294C7E29009D4C96 /* AppDelegate.swift */ = {isa = PBXFileReference; lastKnownFileType = sourcecode.swift; path = AppDelegate.swift; sourceTree = "<group>"; };
		3679D905294C7E29009D4C96 /* SceneDelegate.swift */ = {isa = PBXFileReference; lastKnownFileType = sourcecode.swift; path = SceneDelegate.swift; sourceTree = "<group>"; };
		3679D90A294C7E29009D4C96 /* Base */ = {isa = PBXFileReference; lastKnownFileType = file.storyboard; name = Base; path = Base.lproj/Main.storyboard; sourceTree = "<group>"; };
		3679D90C294C7E2A009D4C96 /* Assets.xcassets */ = {isa = PBXFileReference; lastKnownFileType = folder.assetcatalog; path = Assets.xcassets; sourceTree = "<group>"; };
		3679D90F294C7E2A009D4C96 /* Base */ = {isa = PBXFileReference; lastKnownFileType = file.storyboard; name = Base; path = Base.lproj/LaunchScreen.storyboard; sourceTree = "<group>"; };
		3679D911294C7E2A009D4C96 /* Info.plist */ = {isa = PBXFileReference; lastKnownFileType = text.plist.xml; path = Info.plist; sourceTree = "<group>"; };
		3679D917294C8459009D4C96 /* TabBarVC.swift */ = {isa = PBXFileReference; lastKnownFileType = sourcecode.swift; path = TabBarVC.swift; sourceTree = "<group>"; };
		3679D919294DF42C009D4C96 /* SFPRODISPLAYBOLD.OTF */ = {isa = PBXFileReference; lastKnownFileType = file; path = SFPRODISPLAYBOLD.OTF; sourceTree = "<group>"; };
		3679D91A294DF42C009D4C96 /* SFPRODISPLAYREGULAR.OTF */ = {isa = PBXFileReference; lastKnownFileType = file; path = SFPRODISPLAYREGULAR.OTF; sourceTree = "<group>"; };
		3679D91D294F4397009D4C96 /* FavouriteTableVC.swift */ = {isa = PBXFileReference; lastKnownFileType = sourcecode.swift; path = FavouriteTableVC.swift; sourceTree = "<group>"; };
		3679D91F294F44A3009D4C96 /* FavoriteTableViewCell.swift */ = {isa = PBXFileReference; lastKnownFileType = sourcecode.swift; path = FavoriteTableViewCell.swift; sourceTree = "<group>"; };
		36972FE82959F9E5000D1498 /* Urls.swift */ = {isa = PBXFileReference; lastKnownFileType = sourcecode.swift; path = Urls.swift; sourceTree = "<group>"; };
		36F685A22950D30F00D8866C /* en */ = {isa = PBXFileReference; lastKnownFileType = text.plist.strings; name = en; path = en.lproj/Localizable.strings; sourceTree = "<group>"; };
		36F685A42950D34A00D8866C /* ru */ = {isa = PBXFileReference; lastKnownFileType = text.plist.strings; name = ru; path = ru.lproj/Localizable.strings; sourceTree = "<group>"; };
		36F685A52950D35C00D8866C /* kk */ = {isa = PBXFileReference; lastKnownFileType = text.plist.strings; name = kk; path = kk.lproj/Localizable.strings; sourceTree = "<group>"; };
		36F685A62951D78100D8866C /* ProfileVC.swift */ = {isa = PBXFileReference; lastKnownFileType = sourcecode.swift; path = ProfileVC.swift; sourceTree = "<group>"; };
		36F685A82951DBA500D8866C /* LanguageVC.swift */ = {isa = PBXFileReference; lastKnownFileType = sourcecode.swift; path = LanguageVC.swift; sourceTree = "<group>"; };
		36F685AA2957534600D8866C /* TextFieldWithPadding.swift */ = {isa = PBXFileReference; lastKnownFileType = sourcecode.swift; path = TextFieldWithPadding.swift; sourceTree = "<group>"; };
		36F685B52958AB4100D8866C /* SignInVC.swift */ = {isa = PBXFileReference; lastKnownFileType = sourcecode.swift; path = SignInVC.swift; sourceTree = "<group>"; };
		60BE8AAB630BBE11BE8899E1 /* Pods-Ozinshe.debug.xcconfig */ = {isa = PBXFileReference; includeInIndex = 1; lastKnownFileType = text.xcconfig; name = "Pods-Ozinshe.debug.xcconfig"; path = "Target Support Files/Pods-Ozinshe/Pods-Ozinshe.debug.xcconfig"; sourceTree = "<group>"; };
		829EEEC4D9B05259E5A84C56 /* Pods-Ozinshe.release.xcconfig */ = {isa = PBXFileReference; includeInIndex = 1; lastKnownFileType = text.xcconfig; name = "Pods-Ozinshe.release.xcconfig"; path = "Target Support Files/Pods-Ozinshe/Pods-Ozinshe.release.xcconfig"; sourceTree = "<group>"; };
/* End PBXFileReference section */

/* Begin PBXFrameworksBuildPhase section */
		3679D8FD294C7E29009D4C96 /* Frameworks */ = {
			isa = PBXFrameworksBuildPhase;
			buildActionMask = 2147483647;
			files = (
				CF205CD27576585CE10687CE /* Pods_Ozinshe.framework in Frameworks */,
			);
			runOnlyForDeploymentPostprocessing = 0;
		};
/* End PBXFrameworksBuildPhase section */

/* Begin PBXGroup section */
		3679D8F7294C7E29009D4C96 = {
			isa = PBXGroup;
			children = (
				3679D902294C7E29009D4C96 /* Ozinshe */,
				3679D901294C7E29009D4C96 /* Products */,
				F94B430FBFCF1E87CE1A6521 /* Pods */,
				B9DCD6FDFBF2D2559D38E6C5 /* Frameworks */,
			);
			sourceTree = "<group>";
		};
		3679D901294C7E29009D4C96 /* Products */ = {
			isa = PBXGroup;
			children = (
				3679D900294C7E29009D4C96 /* Ozinshe.app */,
			);
			name = Products;
			sourceTree = "<group>";
		};
		3679D902294C7E29009D4C96 /* Ozinshe */ = {
			isa = PBXGroup;
			children = (
				36F685AC2958AA4400D8866C /* Model */,
				36F685AE2958AA6500D8866C /* SharedInstance */,
				36F685AF2958AA7500D8866C /* Static */,
				36F685B02958AA7B00D8866C /* Extensions */,
				36F685B12958AA8200D8866C /* Fonts */,
				36F685B22958AA8B00D8866C /* Controllers */,
				3679D903294C7E29009D4C96 /* AppDelegate.swift */,
				3679D905294C7E29009D4C96 /* SceneDelegate.swift */,
				3679D909294C7E29009D4C96 /* Main.storyboard */,
				3679D90C294C7E2A009D4C96 /* Assets.xcassets */,
				3679D90E294C7E2A009D4C96 /* LaunchScreen.storyboard */,
				3679D911294C7E2A009D4C96 /* Info.plist */,
				36F685A32950D30F00D8866C /* Localizable.strings */,
			);
			path = Ozinshe;
			sourceTree = "<group>";
		};
		36F685AC2958AA4400D8866C /* Model */ = {
			isa = PBXGroup;
			children = (
			);
			path = Model;
			sourceTree = "<group>";
		};
		36F685AE2958AA6500D8866C /* SharedInstance */ = {
			isa = PBXGroup;
			children = (
			);
			path = SharedInstance;
			sourceTree = "<group>";
		};
		36F685AF2958AA7500D8866C /* Static */ = {
			isa = PBXGroup;
			children = (
				36972FE82959F9E5000D1498 /* Urls.swift */,
			);
			path = Static;
			sourceTree = "<group>";
		};
		36F685B02958AA7B00D8866C /* Extensions */ = {
			isa = PBXGroup;
			children = (
				36F685AA2957534600D8866C /* TextFieldWithPadding.swift */,
			);
			path = Extensions;
			sourceTree = "<group>";
		};
		36F685B12958AA8200D8866C /* Fonts */ = {
			isa = PBXGroup;
			children = (
				3679D919294DF42C009D4C96 /* SFPRODISPLAYBOLD.OTF */,
				3679D91A294DF42C009D4C96 /* SFPRODISPLAYREGULAR.OTF */,
			);
			path = Fonts;
			sourceTree = "<group>";
		};
		36F685B22958AA8B00D8866C /* Controllers */ = {
			isa = PBXGroup;
			children = (
				36F685B52958AB4100D8866C /* SignInVC.swift */,
				36F685B42958AAA700D8866C /* Favorites */,
				36F685B32958AAA100D8866C /* Profile */,
				3679D917294C8459009D4C96 /* TabBarVC.swift */,
			);
			path = Controllers;
			sourceTree = "<group>";
		};
		36F685B32958AAA100D8866C /* Profile */ = {
			isa = PBXGroup;
			children = (
				36F685A62951D78100D8866C /* ProfileVC.swift */,
				36F685A82951DBA500D8866C /* LanguageVC.swift */,
			);
			path = Profile;
			sourceTree = "<group>";
		};
		36F685B42958AAA700D8866C /* Favorites */ = {
			isa = PBXGroup;
			children = (
				3679D91D294F4397009D4C96 /* FavouriteTableVC.swift */,
				3679D91F294F44A3009D4C96 /* FavoriteTableViewCell.swift */,
			);
			path = Favorites;
			sourceTree = "<group>";
		};
		B9DCD6FDFBF2D2559D38E6C5 /* Frameworks */ = {
			isa = PBXGroup;
			children = (
				1BDE86295D4A1E0C4271082B /* Pods_Ozinshe.framework */,
			);
			name = Frameworks;
			sourceTree = "<group>";
		};
		F94B430FBFCF1E87CE1A6521 /* Pods */ = {
			isa = PBXGroup;
			children = (
				60BE8AAB630BBE11BE8899E1 /* Pods-Ozinshe.debug.xcconfig */,
				829EEEC4D9B05259E5A84C56 /* Pods-Ozinshe.release.xcconfig */,
			);
			path = Pods;
			sourceTree = "<group>";
		};
/* End PBXGroup section */

/* Begin PBXNativeTarget section */
		3679D8FF294C7E29009D4C96 /* Ozinshe */ = {
			isa = PBXNativeTarget;
			buildConfigurationList = 3679D914294C7E2A009D4C96 /* Build configuration list for PBXNativeTarget "Ozinshe" */;
			buildPhases = (
				B0F520F2E7208B69B595F013 /* [CP] Check Pods Manifest.lock */,
				3679D8FC294C7E29009D4C96 /* Sources */,
				3679D8FD294C7E29009D4C96 /* Frameworks */,
				3679D8FE294C7E29009D4C96 /* Resources */,
				61574A770C0B75AD58CC75AD /* [CP] Embed Pods Frameworks */,
			);
			buildRules = (
			);
			dependencies = (
			);
			name = Ozinshe;
			productName = Ozinshe;
			productReference = 3679D900294C7E29009D4C96 /* Ozinshe.app */;
			productType = "com.apple.product-type.application";
		};
/* End PBXNativeTarget section */

/* Begin PBXProject section */
		3679D8F8294C7E29009D4C96 /* Project object */ = {
			isa = PBXProject;
			attributes = {
				BuildIndependentTargetsInParallel = 1;
				LastSwiftUpdateCheck = 1410;
				LastUpgradeCheck = 1410;
				TargetAttributes = {
					3679D8FF294C7E29009D4C96 = {
						CreatedOnToolsVersion = 14.1;
					};
				};
			};
			buildConfigurationList = 3679D8FB294C7E29009D4C96 /* Build configuration list for PBXProject "Ozinshe" */;
			compatibilityVersion = "Xcode 14.0";
			developmentRegion = en;
			hasScannedForEncodings = 0;
			knownRegions = (
				en,
				Base,
				ru,
				kk,
			);
			mainGroup = 3679D8F7294C7E29009D4C96;
			productRefGroup = 3679D901294C7E29009D4C96 /* Products */;
			projectDirPath = "";
			projectRoot = "";
			targets = (
				3679D8FF294C7E29009D4C96 /* Ozinshe */,
			);
		};
/* End PBXProject section */

/* Begin PBXResourcesBuildPhase section */
		3679D8FE294C7E29009D4C96 /* Resources */ = {
			isa = PBXResourcesBuildPhase;
			buildActionMask = 2147483647;
			files = (
				3679D91B294DF456009D4C96 /* SFPRODISPLAYREGULAR.OTF in Resources */,
				36F685A12950D30F00D8866C /* Localizable.strings in Resources */,
				3679D910294C7E2A009D4C96 /* LaunchScreen.storyboard in Resources */,
				3679D90D294C7E2A009D4C96 /* Assets.xcassets in Resources */,
				3679D91C294DF459009D4C96 /* SFPRODISPLAYBOLD.OTF in Resources */,
				3679D90B294C7E29009D4C96 /* Main.storyboard in Resources */,
			);
			runOnlyForDeploymentPostprocessing = 0;
		};
/* End PBXResourcesBuildPhase section */

/* Begin PBXShellScriptBuildPhase section */
		61574A770C0B75AD58CC75AD /* [CP] Embed Pods Frameworks */ = {
			isa = PBXShellScriptBuildPhase;
			buildActionMask = 2147483647;
			files = (
			);
			inputFileListPaths = (
				"${PODS_ROOT}/Target Support Files/Pods-Ozinshe/Pods-Ozinshe-frameworks-${CONFIGURATION}-input-files.xcfilelist",
			);
			name = "[CP] Embed Pods Frameworks";
			outputFileListPaths = (
				"${PODS_ROOT}/Target Support Files/Pods-Ozinshe/Pods-Ozinshe-frameworks-${CONFIGURATION}-output-files.xcfilelist",
			);
			runOnlyForDeploymentPostprocessing = 0;
			shellPath = /bin/sh;
			shellScript = "\"${PODS_ROOT}/Target Support Files/Pods-Ozinshe/Pods-Ozinshe-frameworks.sh\"\n";
			showEnvVarsInLog = 0;
		};
		B0F520F2E7208B69B595F013 /* [CP] Check Pods Manifest.lock */ = {
			isa = PBXShellScriptBuildPhase;
			buildActionMask = 2147483647;
			files = (
			);
			inputFileListPaths = (
			);
			inputPaths = (
				"${PODS_PODFILE_DIR_PATH}/Podfile.lock",
				"${PODS_ROOT}/Manifest.lock",
			);
			name = "[CP] Check Pods Manifest.lock";
			outputFileListPaths = (
			);
			outputPaths = (
				"$(DERIVED_FILE_DIR)/Pods-Ozinshe-checkManifestLockResult.txt",
			);
			runOnlyForDeploymentPostprocessing = 0;
			shellPath = /bin/sh;
			shellScript = "diff \"${PODS_PODFILE_DIR_PATH}/Podfile.lock\" \"${PODS_ROOT}/Manifest.lock\" > /dev/null\nif [ $? != 0 ] ; then\n    # print error to STDERR\n    echo \"error: The sandbox is not in sync with the Podfile.lock. Run 'pod install' or update your CocoaPods installation.\" >&2\n    exit 1\nfi\n# This output is used by Xcode 'outputs' to avoid re-running this script phase.\necho \"SUCCESS\" > \"${SCRIPT_OUTPUT_FILE_0}\"\n";
			showEnvVarsInLog = 0;
		};
/* End PBXShellScriptBuildPhase section */

/* Begin PBXSourcesBuildPhase section */
		3679D8FC294C7E29009D4C96 /* Sources */ = {
			isa = PBXSourcesBuildPhase;
			buildActionMask = 2147483647;
			files = (
				36F685A92951DBA500D8866C /* LanguageVC.swift in Sources */,
				3679D920294F44A3009D4C96 /* FavoriteTableViewCell.swift in Sources */,
				36F685A72951D78100D8866C /* ProfileVC.swift in Sources */,
				36F685B62958AB4100D8866C /* SignInVC.swift in Sources */,
				3679D904294C7E29009D4C96 /* AppDelegate.swift in Sources */,
				3679D918294C8459009D4C96 /* TabBarVC.swift in Sources */,
				3679D906294C7E29009D4C96 /* SceneDelegate.swift in Sources */,
				36F685AB2957534600D8866C /* TextFieldWithPadding.swift in Sources */,
				3679D91E294F4397009D4C96 /* FavouriteTableVC.swift in Sources */,
				36972FE92959F9E5000D1498 /* Urls.swift in Sources */,
			);
			runOnlyForDeploymentPostprocessing = 0;
		};
/* End PBXSourcesBuildPhase section */

/* Begin PBXVariantGroup section */
		3679D909294C7E29009D4C96 /* Main.storyboard */ = {
			isa = PBXVariantGroup;
			children = (
				3679D90A294C7E29009D4C96 /* Base */,
			);
			name = Main.storyboard;
			sourceTree = "<group>";
		};
		3679D90E294C7E2A009D4C96 /* LaunchScreen.storyboard */ = {
			isa = PBXVariantGroup;
			children = (
				3679D90F294C7E2A009D4C96 /* Base */,
			);
			name = LaunchScreen.storyboard;
			sourceTree = "<group>";
		};
		36F685A32950D30F00D8866C /* Localizable.strings */ = {
			isa = PBXVariantGroup;
			children = (
				36F685A22950D30F00D8866C /* en */,
				36F685A42950D34A00D8866C /* ru */,
				36F685A52950D35C00D8866C /* kk */,
			);
			name = Localizable.strings;
			sourceTree = "<group>";
		};
/* End PBXVariantGroup section */

/* Begin XCBuildConfiguration section */
		3679D912294C7E2A009D4C96 /* Debug */ = {
			isa = XCBuildConfiguration;
			buildSettings = {
				ALWAYS_SEARCH_USER_PATHS = NO;
				CLANG_ANALYZER_LOCALIZABILITY_NONLOCALIZED = YES;
				CLANG_ANALYZER_NONNULL = YES;
				CLANG_ANALYZER_NUMBER_OBJECT_CONVERSION = YES_AGGRESSIVE;
				CLANG_CXX_LANGUAGE_STANDARD = "gnu++20";
				CLANG_ENABLE_MODULES = YES;
				CLANG_ENABLE_OBJC_ARC = YES;
				CLANG_ENABLE_OBJC_WEAK = YES;
				CLANG_WARN_BLOCK_CAPTURE_AUTORELEASING = YES;
				CLANG_WARN_BOOL_CONVERSION = YES;
				CLANG_WARN_COMMA = YES;
				CLANG_WARN_CONSTANT_CONVERSION = YES;
				CLANG_WARN_DEPRECATED_OBJC_IMPLEMENTATIONS = YES;
				CLANG_WARN_DIRECT_OBJC_ISA_USAGE = YES_ERROR;
				CLANG_WARN_DOCUMENTATION_COMMENTS = YES;
				CLANG_WARN_EMPTY_BODY = YES;
				CLANG_WARN_ENUM_CONVERSION = YES;
				CLANG_WARN_INFINITE_RECURSION = YES;
				CLANG_WARN_INT_CONVERSION = YES;
				CLANG_WARN_NON_LITERAL_NULL_CONVERSION = YES;
				CLANG_WARN_OBJC_IMPLICIT_RETAIN_SELF = YES;
				CLANG_WARN_OBJC_LITERAL_CONVERSION = YES;
				CLANG_WARN_OBJC_ROOT_CLASS = YES_ERROR;
				CLANG_WARN_QUOTED_INCLUDE_IN_FRAMEWORK_HEADER = YES;
				CLANG_WARN_RANGE_LOOP_ANALYSIS = YES;
				CLANG_WARN_STRICT_PROTOTYPES = YES;
				CLANG_WARN_SUSPICIOUS_MOVE = YES;
				CLANG_WARN_UNGUARDED_AVAILABILITY = YES_AGGRESSIVE;
				CLANG_WARN_UNREACHABLE_CODE = YES;
				CLANG_WARN__DUPLICATE_METHOD_MATCH = YES;
				COPY_PHASE_STRIP = NO;
				DEBUG_INFORMATION_FORMAT = dwarf;
				ENABLE_STRICT_OBJC_MSGSEND = YES;
				ENABLE_TESTABILITY = YES;
				GCC_C_LANGUAGE_STANDARD = gnu11;
				GCC_DYNAMIC_NO_PIC = NO;
				GCC_NO_COMMON_BLOCKS = YES;
				GCC_OPTIMIZATION_LEVEL = 0;
				GCC_PREPROCESSOR_DEFINITIONS = (
					"DEBUG=1",
					"$(inherited)",
				);
				GCC_WARN_64_TO_32_BIT_CONVERSION = YES;
				GCC_WARN_ABOUT_RETURN_TYPE = YES_ERROR;
				GCC_WARN_UNDECLARED_SELECTOR = YES;
				GCC_WARN_UNINITIALIZED_AUTOS = YES_AGGRESSIVE;
				GCC_WARN_UNUSED_FUNCTION = YES;
				GCC_WARN_UNUSED_VARIABLE = YES;
				IPHONEOS_DEPLOYMENT_TARGET = 16.1;
				MTL_ENABLE_DEBUG_INFO = INCLUDE_SOURCE;
				MTL_FAST_MATH = YES;
				ONLY_ACTIVE_ARCH = YES;
				SDKROOT = iphoneos;
				SWIFT_ACTIVE_COMPILATION_CONDITIONS = DEBUG;
				SWIFT_OPTIMIZATION_LEVEL = "-Onone";
			};
			name = Debug;
		};
		3679D913294C7E2A009D4C96 /* Release */ = {
			isa = XCBuildConfiguration;
			buildSettings = {
				ALWAYS_SEARCH_USER_PATHS = NO;
				CLANG_ANALYZER_LOCALIZABILITY_NONLOCALIZED = YES;
				CLANG_ANALYZER_NONNULL = YES;
				CLANG_ANALYZER_NUMBER_OBJECT_CONVERSION = YES_AGGRESSIVE;
				CLANG_CXX_LANGUAGE_STANDARD = "gnu++20";
				CLANG_ENABLE_MODULES = YES;
				CLANG_ENABLE_OBJC_ARC = YES;
				CLANG_ENABLE_OBJC_WEAK = YES;
				CLANG_WARN_BLOCK_CAPTURE_AUTORELEASING = YES;
				CLANG_WARN_BOOL_CONVERSION = YES;
				CLANG_WARN_COMMA = YES;
				CLANG_WARN_CONSTANT_CONVERSION = YES;
				CLANG_WARN_DEPRECATED_OBJC_IMPLEMENTATIONS = YES;
				CLANG_WARN_DIRECT_OBJC_ISA_USAGE = YES_ERROR;
				CLANG_WARN_DOCUMENTATION_COMMENTS = YES;
				CLANG_WARN_EMPTY_BODY = YES;
				CLANG_WARN_ENUM_CONVERSION = YES;
				CLANG_WARN_INFINITE_RECURSION = YES;
				CLANG_WARN_INT_CONVERSION = YES;
				CLANG_WARN_NON_LITERAL_NULL_CONVERSION = YES;
				CLANG_WARN_OBJC_IMPLICIT_RETAIN_SELF = YES;
				CLANG_WARN_OBJC_LITERAL_CONVERSION = YES;
				CLANG_WARN_OBJC_ROOT_CLASS = YES_ERROR;
				CLANG_WARN_QUOTED_INCLUDE_IN_FRAMEWORK_HEADER = YES;
				CLANG_WARN_RANGE_LOOP_ANALYSIS = YES;
				CLANG_WARN_STRICT_PROTOTYPES = YES;
				CLANG_WARN_SUSPICIOUS_MOVE = YES;
				CLANG_WARN_UNGUARDED_AVAILABILITY = YES_AGGRESSIVE;
				CLANG_WARN_UNREACHABLE_CODE = YES;
				CLANG_WARN__DUPLICATE_METHOD_MATCH = YES;
				COPY_PHASE_STRIP = NO;
				DEBUG_INFORMATION_FORMAT = "dwarf-with-dsym";
				ENABLE_NS_ASSERTIONS = NO;
				ENABLE_STRICT_OBJC_MSGSEND = YES;
				GCC_C_LANGUAGE_STANDARD = gnu11;
				GCC_NO_COMMON_BLOCKS = YES;
				GCC_WARN_64_TO_32_BIT_CONVERSION = YES;
				GCC_WARN_ABOUT_RETURN_TYPE = YES_ERROR;
				GCC_WARN_UNDECLARED_SELECTOR = YES;
				GCC_WARN_UNINITIALIZED_AUTOS = YES_AGGRESSIVE;
				GCC_WARN_UNUSED_FUNCTION = YES;
				GCC_WARN_UNUSED_VARIABLE = YES;
				IPHONEOS_DEPLOYMENT_TARGET = 16.1;
				MTL_ENABLE_DEBUG_INFO = NO;
				MTL_FAST_MATH = YES;
				SDKROOT = iphoneos;
				SWIFT_COMPILATION_MODE = wholemodule;
				SWIFT_OPTIMIZATION_LEVEL = "-O";
				VALIDATE_PRODUCT = YES;
			};
			name = Release;
		};
		3679D915294C7E2A009D4C96 /* Debug */ = {
			isa = XCBuildConfiguration;
			baseConfigurationReference = 60BE8AAB630BBE11BE8899E1 /* Pods-Ozinshe.debug.xcconfig */;
			buildSettings = {
				ASSETCATALOG_COMPILER_APPICON_NAME = AppIcon;
				ASSETCATALOG_COMPILER_GLOBAL_ACCENT_COLOR_NAME = AccentColor;
				CODE_SIGN_STYLE = Automatic;
				CURRENT_PROJECT_VERSION = 1;
				DEVELOPMENT_TEAM = 53KF8NNQU6;
				GENERATE_INFOPLIST_FILE = YES;
				INFOPLIST_FILE = Ozinshe/Info.plist;
				INFOPLIST_KEY_UIApplicationSupportsIndirectInputEvents = YES;
				INFOPLIST_KEY_UILaunchStoryboardName = LaunchScreen;
				INFOPLIST_KEY_UIMainStoryboardFile = Main;
				INFOPLIST_KEY_UISupportedInterfaceOrientations_iPad = "UIInterfaceOrientationPortrait UIInterfaceOrientationPortraitUpsideDown UIInterfaceOrientationLandscapeLeft UIInterfaceOrientationLandscapeRight";
				INFOPLIST_KEY_UISupportedInterfaceOrientations_iPhone = "UIInterfaceOrientationPortrait UIInterfaceOrientationLandscapeLeft UIInterfaceOrientationLandscapeRight";
				LD_RUNPATH_SEARCH_PATHS = (
					"$(inherited)",
					"@executable_path/Frameworks",
				);
				MARKETING_VERSION = 1.0;
				PRODUCT_BUNDLE_IDENTIFIER = AY.Ozinshe;
				PRODUCT_NAME = "$(TARGET_NAME)";
				SWIFT_EMIT_LOC_STRINGS = YES;
				SWIFT_VERSION = 5.0;
				TARGETED_DEVICE_FAMILY = "1,2";
			};
			name = Debug;
		};
		3679D916294C7E2A009D4C96 /* Release */ = {
			isa = XCBuildConfiguration;
			baseConfigurationReference = 829EEEC4D9B05259E5A84C56 /* Pods-Ozinshe.release.xcconfig */;
			buildSettings = {
				ASSETCATALOG_COMPILER_APPICON_NAME = AppIcon;
				ASSETCATALOG_COMPILER_GLOBAL_ACCENT_COLOR_NAME = AccentColor;
				CODE_SIGN_STYLE = Automatic;
				CURRENT_PROJECT_VERSION = 1;
				DEVELOPMENT_TEAM = 53KF8NNQU6;
				GENERATE_INFOPLIST_FILE = YES;
				INFOPLIST_FILE = Ozinshe/Info.plist;
				INFOPLIST_KEY_UIApplicationSupportsIndirectInputEvents = YES;
				INFOPLIST_KEY_UILaunchStoryboardName = LaunchScreen;
				INFOPLIST_KEY_UIMainStoryboardFile = Main;
				INFOPLIST_KEY_UISupportedInterfaceOrientations_iPad = "UIInterfaceOrientationPortrait UIInterfaceOrientationPortraitUpsideDown UIInterfaceOrientationLandscapeLeft UIInterfaceOrientationLandscapeRight";
				INFOPLIST_KEY_UISupportedInterfaceOrientations_iPhone = "UIInterfaceOrientationPortrait UIInterfaceOrientationLandscapeLeft UIInterfaceOrientationLandscapeRight";
				LD_RUNPATH_SEARCH_PATHS = (
					"$(inherited)",
					"@executable_path/Frameworks",
				);
				MARKETING_VERSION = 1.0;
				PRODUCT_BUNDLE_IDENTIFIER = AY.Ozinshe;
				PRODUCT_NAME = "$(TARGET_NAME)";
				SWIFT_EMIT_LOC_STRINGS = YES;
				SWIFT_VERSION = 5.0;
				TARGETED_DEVICE_FAMILY = "1,2";
			};
			name = Release;
		};
/* End XCBuildConfiguration section */

/* Begin XCConfigurationList section */
		3679D8FB294C7E29009D4C96 /* Build configuration list for PBXProject "Ozinshe" */ = {
			isa = XCConfigurationList;
			buildConfigurations = (
				3679D912294C7E2A009D4C96 /* Debug */,
				3679D913294C7E2A009D4C96 /* Release */,
			);
			defaultConfigurationIsVisible = 0;
			defaultConfigurationName = Release;
		};
		3679D914294C7E2A009D4C96 /* Build configuration list for PBXNativeTarget "Ozinshe" */ = {
			isa = XCConfigurationList;
			buildConfigurations = (
				3679D915294C7E2A009D4C96 /* Debug */,
				3679D916294C7E2A009D4C96 /* Release */,
			);
			defaultConfigurationIsVisible = 0;
			defaultConfigurationName = Release;
		};
/* End XCConfigurationList section */
	};
	rootObject = 3679D8F8294C7E29009D4C96 /* Project object */;
}
